{
  "nodes": {
    "flake-utils": {
      "inputs": {
        "systems": "systems"
      },
      "locked": {
        "lastModified": 1731533236,
        "narHash": "sha256-l0KFg5HjrsfsO/JpG+r7fRrqm12kzFHyUHqHCVpMMbI=",
        "owner": "numtide",
        "repo": "flake-utils",
        "rev": "11707dc2f618dd54ca8739b309ec4fc024de578b",
        "type": "github"
      },
      "original": {
        "owner": "numtide",
        "repo": "flake-utils",
        "type": "github"
      }
    },
    "home-manager": {
      "inputs": {
        "nixpkgs": [
          "nixpkgs"
        ]
      },
      "locked": {
        "lastModified": 1789071706,
        "narHash": "sha256-S+oyh2YSP9V5bSjWbbK0N7GxdxxMwgBfUOtUdVcAWc4=",
        "owner": "nix-community",
        "repo": "home-manager",
        "rev": "150f9ce4ddd41544ea42eb9d6043a75bd615fa24",
        "type": "github"
      },
      "original": {
        "owner": "nix-community",
        "repo": "home-manager",
        "type": "github"
      }
    },
    "lazyvim": {
      "inputs": {
        "flake-utils": "flake-utils",
        "nixpkgs": [
          "nixpkgs"
        ]
      },
      "locked": {
        "lastModified": 1788971242,
        "narHash": "sha256-XGWQ4CtmuRH+4NijKC5OlMMd32Au7plsIaiaCWuM4to=",
        "owner": "pfassina",
        "repo": "lazyvim-nix",
        "rev": "21893371738a6734c2a8ca455d92d57cc8accf83",
        "type": "github"
      },
      "original": {
        "owner": "pfassina",
        "repo": "lazyvim-nix",
        "type": "github"
      }
    },
    "nixpkgs": {
      "locked": {
        "lastModified": 1789006805,
        "narHash": "sha256-xB8mKMOx1IA9vTDNLmJZ6n4wCMq/cuWBBOzGCRnqxrU=",
        "owner": "NixOS",
        "repo": "nixpkgs",
        "rev": "8ce4ef6cb6f871616146b9fe26d2a5ae594e94fe",
        "type": "github"
      },
      "original": {
        "owner": "NixOS",
        "ref": "nixos-unstable",
        "repo": "nixpkgs",
        "type": "github"
      }
    },
    "nixpkgs-2605": {
      "locked": {
        "lastModified": 1789009968,
        "narHash": "sha256-GB16oaxpsrnGNnGIE+0uYBqMRzB9X6FYDUvjvnJAYew=",
        "owner": "NixOS",
        "repo": "nixpkgs",
        "rev": "d58a46e3bc02d91ebe04667f8397752a749c0024",
        "type": "github"
      },
      "original": {
        "owner": "NixOS",
        "ref": "nixos-26.05",
        "repo": "nixpkgs",
        "type": "github"
      }
    },
    "pyroclear": {
      "inputs": {
        "nixpkgs": [
          "nixpkgs"
        ]
      },
      "locked": {
        "lastModified": 1788347423,
        "narHash": "sha256-TbMJXYcFHL0S+cT/2pk0yT/6/ubTrGXBUzPC+uCKt4g=",
        "owner": "shreyanth-sureshkrishnaa",
        "repo": "pyroclear",
        "rev": "f89d1d6864e832fb34a9e2381b63c0b23e92f391",
        "type": "github"
      },
      "original": {
        "owner": "shreyanth-sureshkrishnaa",
        "repo": "pyroclear",
        "type": "github"
      }
    },
    "root": {
      "inputs": {
        "home-manager": "home-manager",
        "lazyvim": "lazyvim",
        "nixpkgs": "nixpkgs",
        "nixpkgs-2605": "nixpkgs-2605",
        "pyroclear": "pyroclear",
        "serpantinum": "serpantinum",
        "zen-browser": "zen-browser"
      }
    },
    "serpantinum": {
      "inputs": {
        "nixpkgs": [
          "nixpkgs"
        ],
        "serpantinum-wallpapers": "serpantinum-wallpapers"
      },
      "locked": {
        "lastModified": 1789070323,
        "narHash": "sha256-RDyLk+xpQb3JTqm1Rdk0Ee+50kV+ahDYc5Pij9AU9gs=",
        "owner": "ilyamiro",
        "repo": "serpantinum",
        "rev": "bf2ce86d68ac33eb9653bdafa8b5b8dd947726ab",
        "type": "github"
      },
      "original": {
        "owner": "ilyamiro",
        "repo": "serpantinum",
        "type": "github"
      }
    },
    "serpantinum-wallpapers": {
      "flake": false,
      "locked": {
        "lastModified": 1787675697,
        "narHash": "sha256-ADvKHmQDsX50opqeiyEAB3uxUTjuCyDym0pGQCy7Sws=",
        "owner": "ilyamiro",
        "repo": "shell-wallpapers",
        "rev": "1cb526443872fbf283a3f8305c3aa647545c02e4",
        "type": "github"
      },
      "original": {
        "owner": "ilyamiro",
        "repo": "shell-wallpapers",
        "type": "github"
      }
    },
    "systems": {
      "locked": {
        "lastModified": 1681028828,
        "narHash": "sha256-Vy1rq5AaRuLzOxct8nz4T6wlgyUR7zLU309k9mBC768=",
        "owner": "nix-systems",
        "repo": "default",
        "rev": "da67096a3b9bf56a91d16901293e51ba5b49a27e",
        "type": "github"
      },
      "original": {
        "owner": "nix-systems",
        "repo": "default",
        "type": "github"
      }
    },
    "zen-browser": {
      "inputs": {
        "nixpkgs": [
          "nixpkgs"
        ]
      },
      "locked": {
        "lastModified": 1788682845,
        "narHash": "sha256-E03KyK0Sj+ia+FSy47XC4v9enU1C/lGiW5ZKmcJoI1M=",
        "owner": "youwen5",
        "repo": "zen-browser-flake",
        "rev": "3aadc420e763a8243aedd2ce925ae1dc13663ed9",
        "type": "github"
      },
      "original": {
        "owner": "youwen5",
        "repo": "zen-browser-flake",
        "type": "github"
      }
    }
  },
  "root": "root",
  "version": 7
}
